// !$*UTF8*$!
{
	archiveVersion = 1;
	classes = {
	};
	objectVersion = 51;
	objects = {

/* Begin PBXBuildFile section */
		53E6BEE5C90F7D943E9AF9FD /* Pods_ToDoApplication.framework in Frameworks */ = {isa = PBXBuildFile; fileRef = AC7C8F67359374BEB59B28F0 /* Pods_ToDoApplication.framework */; };
		9221AE3826D57FAD0073F29C /* TaskCell.swift in Sources */ = {isa = PBXBuildFile; fileRef = 9221AE3726D57FAD0073F29C /* TaskCell.swift */; };
		9221AE3B26D598770073F29C /* TaskDetailViewController.swift in Sources */ = {isa = PBXBuildFile; fileRef = 9221AE3A26D598770073F29C /* TaskDetailViewController.swift */; };
		9221AE3D26D59A980073F29C /* Coordinator.swift in Sources */ = {isa = PBXBuildFile; fileRef = 9221AE3C26D59A980073F29C /* Coordinator.swift */; };
		924F778326CF8A7900CED3FC /* AppDelegate.swift in Sources */ = {isa = PBXBuildFile; fileRef = 924F778226CF8A7900CED3FC /* AppDelegate.swift */; };
		924F778526CF8A7900CED3FC /* SceneDelegate.swift in Sources */ = {isa = PBXBuildFile; fileRef = 924F778426CF8A7900CED3FC /* SceneDelegate.swift */; };
		924F778C26CF8A7E00CED3FC /* Assets.xcassets in Resources */ = {isa = PBXBuildFile; fileRef = 924F778B26CF8A7E00CED3FC /* Assets.xcassets */; };
		924F778F26CF8A7E00CED3FC /* LaunchScreen.storyboard in Resources */ = {isa = PBXBuildFile; fileRef = 924F778D26CF8A7E00CED3FC /* LaunchScreen.storyboard */; };
		92CA50A826D1779E002DF631 /* AppCoordinator.swift in Sources */ = {isa = PBXBuildFile; fileRef = 92CA50A726D1779E002DF631 /* AppCoordinator.swift */; };
		92CA50AC26D2D8E7002DF631 /* TasksListView.swift in Sources */ = {isa = PBXBuildFile; fileRef = 92CA50AB26D2D8E6002DF631 /* TasksListView.swift */; };
		92CA50AE26D2D9BF002DF631 /* TasksListViewController.swift in Sources */ = {isa = PBXBuildFile; fileRef = 92CA50AD26D2D9BF002DF631 /* TasksListViewController.swift */; };
		92CA50B126D2DAC3002DF631 /* TasksListViewModel.swift in Sources */ = {isa = PBXBuildFile; fileRef = 92CA50B026D2DAC3002DF631 /* TasksListViewModel.swift */; };
		92CA50B426D2DB4F002DF631 /* Task.swift in Sources */ = {isa = PBXBuildFile; fileRef = 92CA50B326D2DB4F002DF631 /* Task.swift */; };
		92CA50B826D2DD43002DF631 /* TasksService.swift in Sources */ = {isa = PBXBuildFile; fileRef = 92CA50B726D2DD43002DF631 /* TasksService.swift */; };
		92CA50BA26D2DD5E002DF631 /* TasksServiceProtocol.swift in Sources */ = {isa = PBXBuildFile; fileRef = 92CA50B926D2DD5E002DF631 /* TasksServiceProtocol.swift */; };
		92CA50BC26D2DDD0002DF631 /* ListTaskViewModel.swift in Sources */ = {isa = PBXBuildFile; fileRef = 92CA50BB26D2DDD0002DF631 /* ListTaskViewModel.swift */; };
		92CA50BF26D2EE40002DF631 /* FakeTasksRepository.swift in Sources */ = {isa = PBXBuildFile; fileRef = 92CA50BE26D2EE40002DF631 /* FakeTasksRepository.swift */; };
		92CA50C126D2EE5B002DF631 /* TasksRepositoryProtocol.swift in Sources */ = {isa = PBXBuildFile; fileRef = 92CA50C026D2EE5B002DF631 /* TasksRepositoryProtocol.swift */; };
		92E8EB8426DD636D00DA99D7 /* TaskDetailViewModel.swift in Sources */ = {isa = PBXBuildFile; fileRef = 92E8EB8326DD636D00DA99D7 /* TaskDetailViewModel.swift */; };
		92E8EB8826DD648C00DA99D7 /* TaskDetailCoordinator.swift in Sources */ = {isa = PBXBuildFile; fileRef = 92E8EB8726DD648C00DA99D7 /* TaskDetailCoordinator.swift */; };
/* End PBXBuildFile section */

/* Begin PBXFileReference section */
		9221AE3726D57FAD0073F29C /* TaskCell.swift */ = {isa = PBXFileReference; lastKnownFileType = sourcecode.swift; path = TaskCell.swift; sourceTree = "<group>"; };
		9221AE3A26D598770073F29C /* TaskDetailViewController.swift */ = {isa = PBXFileReference; lastKnownFileType = sourcecode.swift; path = TaskDetailViewController.swift; sourceTree = "<group>"; };
		9221AE3C26D59A980073F29C /* Coordinator.swift */ = {isa = PBXFileReference; lastKnownFileType = sourcecode.swift; path = Coordinator.swift; sourceTree = "<group>"; };
		924F777F26CF8A7900CED3FC /* ToDoApplication.app */ = {isa = PBXFileReference; explicitFileType = wrapper.application; includeInIndex = 0; path = ToDoApplication.app; sourceTree = BUILT_PRODUCTS_DIR; };
		924F778226CF8A7900CED3FC /* AppDelegate.swift */ = {isa = PBXFileReference; lastKnownFileType = sourcecode.swift; path = AppDelegate.swift; sourceTree = "<group>"; };
		924F778426CF8A7900CED3FC /* SceneDelegate.swift */ = {isa = PBXFileReference; lastKnownFileType = sourcecode.swift; path = SceneDelegate.swift; sourceTree = "<group>"; };
		924F778B26CF8A7E00CED3FC /* Assets.xcassets */ = {isa = PBXFileReference; lastKnownFileType = folder.assetcatalog; path = Assets.xcassets; sourceTree = "<group>"; };
		924F778E26CF8A7E00CED3FC /* Base */ = {isa = PBXFileReference; lastKnownFileType = file.storyboard; name = Base; path = Base.lproj/LaunchScreen.storyboard; sourceTree = "<group>"; };
		924F779026CF8A7E00CED3FC /* Info.plist */ = {isa = PBXFileReference; lastKnownFileType = text.plist.xml; path = Info.plist; sourceTree = "<group>"; };
		92CA50A726D1779E002DF631 /* AppCoordinator.swift */ = {isa = PBXFileReference; lastKnownFileType = sourcecode.swift; path = AppCoordinator.swift; sourceTree = "<group>"; };
		92CA50AB26D2D8E6002DF631 /* TasksListView.swift */ = {isa = PBXFileReference; lastKnownFileType = sourcecode.swift; path = TasksListView.swift; sourceTree = "<group>"; };
		92CA50AD26D2D9BF002DF631 /* TasksListViewController.swift */ = {isa = PBXFileReference; lastKnownFileType = sourcecode.swift; path = TasksListViewController.swift; sourceTree = "<group>"; };
		92CA50B026D2DAC3002DF631 /* TasksListViewModel.swift */ = {isa = PBXFileReference; lastKnownFileType = sourcecode.swift; path = TasksListViewModel.swift; sourceTree = "<group>"; };
		92CA50B326D2DB4F002DF631 /* Task.swift */ = {isa = PBXFileReference; lastKnownFileType = sourcecode.swift; path = Task.swift; sourceTree = "<group>"; };
		92CA50B726D2DD43002DF631 /* TasksService.swift */ = {isa = PBXFileReference; lastKnownFileType = sourcecode.swift; path = TasksService.swift; sourceTree = "<group>"; };
		92CA50B926D2DD5E002DF631 /* TasksServiceProtocol.swift */ = {isa = PBXFileReference; lastKnownFileType = sourcecode.swift; path = TasksServiceProtocol.swift; sourceTree = "<group>"; };
		92CA50BB26D2DDD0002DF631 /* ListTaskViewModel.swift */ = {isa = PBXFileReference; lastKnownFileType = sourcecode.swift; path = ListTaskViewModel.swift; sourceTree = "<group>"; };
		92CA50BE26D2EE40002DF631 /* FakeTasksRepository.swift */ = {isa = PBXFileReference; lastKnownFileType = sourcecode.swift; path = FakeTasksRepository.swift; sourceTree = "<group>"; };
		92CA50C026D2EE5B002DF631 /* TasksRepositoryProtocol.swift */ = {isa = PBXFileReference; lastKnownFileType = sourcecode.swift; path = TasksRepositoryProtocol.swift; sourceTree = "<group>"; };
		92E8EB8326DD636D00DA99D7 /* TaskDetailViewModel.swift */ = {isa = PBXFileReference; lastKnownFileType = sourcecode.swift; path = TaskDetailViewModel.swift; sourceTree = "<group>"; };
		92E8EB8726DD648C00DA99D7 /* TaskDetailCoordinator.swift */ = {isa = PBXFileReference; lastKnownFileType = sourcecode.swift; path = TaskDetailCoordinator.swift; sourceTree = "<group>"; };
		986A1F3DFE85C771F8F0C489 /* Pods-ToDoApplication.release.xcconfig */ = {isa = PBXFileReference; includeInIndex = 1; lastKnownFileType = text.xcconfig; name = "Pods-ToDoApplication.release.xcconfig"; path = "Target Support Files/Pods-ToDoApplication/Pods-ToDoApplication.release.xcconfig"; sourceTree = "<group>"; };
		AC7C8F67359374BEB59B28F0 /* Pods_ToDoApplication.framework */ = {isa = PBXFileReference; explicitFileType = wrapper.framework; includeInIndex = 0; path = Pods_ToDoApplication.framework; sourceTree = BUILT_PRODUCTS_DIR; };
		DC1C7DFB485D38F398277AF2 /* Pods-ToDoApplication.debug.xcconfig */ = {isa = PBXFileReference; includeInIndex = 1; lastKnownFileType = text.xcconfig; name = "Pods-ToDoApplication.debug.xcconfig"; path = "Target Support Files/Pods-ToDoApplication/Pods-ToDoApplication.debug.xcconfig"; sourceTree = "<group>"; };
/* End PBXFileReference section */

/* Begin PBXFrameworksBuildPhase section */
		924F777C26CF8A7900CED3FC /* Frameworks */ = {
			isa = PBXFrameworksBuildPhase;
			buildActionMask = 2147483647;
			files = (
				53E6BEE5C90F7D943E9AF9FD /* Pods_ToDoApplication.framework in Frameworks */,
			);
			runOnlyForDeploymentPostprocessing = 0;
		};
/* End PBXFrameworksBuildPhase section */

/* Begin PBXGroup section */
		438FC905259D1CB1AC9B3451 /* Pods */ = {
			isa = PBXGroup;
			children = (
				DC1C7DFB485D38F398277AF2 /* Pods-ToDoApplication.debug.xcconfig */,
				986A1F3DFE85C771F8F0C489 /* Pods-ToDoApplication.release.xcconfig */,
			);
			path = Pods;
			sourceTree = "<group>";
		};
		9221AE3926D5983F0073F29C /* TaskDetail */ = {
			isa = PBXGroup;
			children = (
				9221AE3A26D598770073F29C /* TaskDetailViewController.swift */,
			);
			path = TaskDetail;
			sourceTree = "<group>";
		};
		9221AE3F26D629780073F29C /* Coordinators */ = {
			isa = PBXGroup;
			children = (
				92E8EB8626DD646000DA99D7 /* TaskDetail */,
				92E8EB8526DD645900DA99D7 /* App */,
			);
			path = Coordinators;
			sourceTree = "<group>";
		};
		924F777626CF8A7900CED3FC = {
			isa = PBXGroup;
			children = (
				924F778126CF8A7900CED3FC /* ToDoApplication */,
				924F778026CF8A7900CED3FC /* Products */,
				438FC905259D1CB1AC9B3451 /* Pods */,
				E29156EC6E9AC9A1BEE29678 /* Frameworks */,
			);
			sourceTree = "<group>";
		};
		924F778026CF8A7900CED3FC /* Products */ = {
			isa = PBXGroup;
			children = (
				924F777F26CF8A7900CED3FC /* ToDoApplication.app */,
			);
			name = Products;
			sourceTree = "<group>";
		};
		924F778126CF8A7900CED3FC /* ToDoApplication */ = {
			isa = PBXGroup;
			children = (
				92CA50A526D12250002DF631 /* Application */,
				92CA509D26D11A68002DF631 /* Source */,
				92CA50A926D1899C002DF631 /* Resources */,
			);
			path = ToDoApplication;
			sourceTree = "<group>";
		};
		92CA509D26D11A68002DF631 /* Source */ = {
			isa = PBXGroup;
			children = (
				92CA50A226D11A8C002DF631 /* Repositories */,
				92CA50A126D11A87002DF631 /* Services */,
				92CA509F26D11A78002DF631 /* Models */,
				92CA50A026D11A7D002DF631 /* ViewModels */,
				92CA509E26D11A72002DF631 /* Views */,
				9221AE3F26D629780073F29C /* Coordinators */,
				92CA50A626D17787002DF631 /* Common */,
			);
			path = Source;
			sourceTree = "<group>";
		};
		92CA509E26D11A72002DF631 /* Views */ = {
			isa = PBXGroup;
			children = (
				9221AE3926D5983F0073F29C /* TaskDetail */,
				92CA50AA26D2D885002DF631 /* TasksList */,
			);
			path = Views;
			sourceTree = "<group>";
		};
		92CA509F26D11A78002DF631 /* Models */ = {
			isa = PBXGroup;
			children = (
				92CA50B526D2DB54002DF631 /* Task */,
			);
			path = Models;
			sourceTree = "<group>";
		};
		92CA50A026D11A7D002DF631 /* ViewModels */ = {
			isa = PBXGroup;
			children = (
				92E8EB8226DD635600DA99D7 /* TaskDetail */,
				92CA50AF26D2DAB2002DF631 /* TasksList */,
			);
			path = ViewModels;
			sourceTree = "<group>";
		};
		92CA50A126D11A87002DF631 /* Services */ = {
			isa = PBXGroup;
			children = (
				92CA50B626D2DD09002DF631 /* Tasks */,
			);
			path = Services;
			sourceTree = "<group>";
		};
		92CA50A226D11A8C002DF631 /* Repositories */ = {
			isa = PBXGroup;
			children = (
				92CA50BD26D2ED78002DF631 /* Tasks */,
			);
			path = Repositories;
			sourceTree = "<group>";
		};
		92CA50A526D12250002DF631 /* Application */ = {
			isa = PBXGroup;
			children = (
				924F778226CF8A7900CED3FC /* AppDelegate.swift */,
				924F778426CF8A7900CED3FC /* SceneDelegate.swift */,
			);
			path = Application;
			sourceTree = "<group>";
		};
		92CA50A626D17787002DF631 /* Common */ = {
			isa = PBXGroup;
			children = (
				9221AE3C26D59A980073F29C /* Coordinator.swift */,
			);
			path = Common;
			sourceTree = "<group>";
		};
		92CA50A926D1899C002DF631 /* Resources */ = {
			isa = PBXGroup;
			children = (
				924F778B26CF8A7E00CED3FC /* Assets.xcassets */,
				924F778D26CF8A7E00CED3FC /* LaunchScreen.storyboard */,
				924F779026CF8A7E00CED3FC /* Info.plist */,
			);
			path = Resources;
			sourceTree = "<group>";
		};
		92CA50AA26D2D885002DF631 /* TasksList */ = {
			isa = PBXGroup;
			children = (
				92CA50AB26D2D8E6002DF631 /* TasksListView.swift */,
				92CA50AD26D2D9BF002DF631 /* TasksListViewController.swift */,
				9221AE3726D57FAD0073F29C /* TaskCell.swift */,
			);
			path = TasksList;
			sourceTree = "<group>";
		};
		92CA50AF26D2DAB2002DF631 /* TasksList */ = {
			isa = PBXGroup;
			children = (
				92CA50B026D2DAC3002DF631 /* TasksListViewModel.swift */,
				92CA50BB26D2DDD0002DF631 /* ListTaskViewModel.swift */,
			);
			path = TasksList;
			sourceTree = "<group>";
		};
		92CA50B526D2DB54002DF631 /* Task */ = {
			isa = PBXGroup;
			children = (
				92CA50B326D2DB4F002DF631 /* Task.swift */,
			);
			path = Task;
			sourceTree = "<group>";
		};
		92CA50B626D2DD09002DF631 /* Tasks */ = {
			isa = PBXGroup;
			children = (
				92CA50B726D2DD43002DF631 /* TasksService.swift */,
				92CA50B926D2DD5E002DF631 /* TasksServiceProtocol.swift */,
			);
			path = Tasks;
			sourceTree = "<group>";
		};
		92CA50BD26D2ED78002DF631 /* Tasks */ = {
			isa = PBXGroup;
			children = (
				92CA50BE26D2EE40002DF631 /* FakeTasksRepository.swift */,
				92CA50C026D2EE5B002DF631 /* TasksRepositoryProtocol.swift */,
			);
			path = Tasks;
			sourceTree = "<group>";
		};
		92E8EB8226DD635600DA99D7 /* TaskDetail */ = {
			isa = PBXGroup;
			children = (
				92E8EB8326DD636D00DA99D7 /* TaskDetailViewModel.swift */,
			);
			path = TaskDetail;
			sourceTree = "<group>";
		};
		92E8EB8526DD645900DA99D7 /* App */ = {
			isa = PBXGroup;
			children = (
				92CA50A726D1779E002DF631 /* AppCoordinator.swift */,
			);
			path = App;
			sourceTree = "<group>";
		};
		92E8EB8626DD646000DA99D7 /* TaskDetail */ = {
			isa = PBXGroup;
			children = (
				92E8EB8726DD648C00DA99D7 /* TaskDetailCoordinator.swift */,
			);
			path = TaskDetail;
			sourceTree = "<group>";
		};
		E29156EC6E9AC9A1BEE29678 /* Frameworks */ = {
			isa = PBXGroup;
			children = (
				AC7C8F67359374BEB59B28F0 /* Pods_ToDoApplication.framework */,
			);
			name = Frameworks;
			sourceTree = "<group>";
		};
/* End PBXGroup section */

/* Begin PBXNativeTarget section */
		924F777E26CF8A7900CED3FC /* ToDoApplication */ = {
			isa = PBXNativeTarget;
			buildConfigurationList = 924F779326CF8A7E00CED3FC /* Build configuration list for PBXNativeTarget "ToDoApplication" */;
			buildPhases = (
				C1BE1E9990D37210894BB2ED /* [CP] Check Pods Manifest.lock */,
				924F777B26CF8A7900CED3FC /* Sources */,
				924F777C26CF8A7900CED3FC /* Frameworks */,
				924F777D26CF8A7900CED3FC /* Resources */,
				DD435B5419672D9EEEEEF81B /* [CP] Embed Pods Frameworks */,
			);
			buildRules = (
			);
			dependencies = (
			);
			name = ToDoApplication;
			productName = ToDoApplication;
			productReference = 924F777F26CF8A7900CED3FC /* ToDoApplication.app */;
			productType = "com.apple.product-type.application";
		};
/* End PBXNativeTarget section */

/* Begin PBXProject section */
		924F777726CF8A7900CED3FC /* Project object */ = {
			isa = PBXProject;
			attributes = {
				LastSwiftUpdateCheck = 1250;
				LastUpgradeCheck = 1250;
				TargetAttributes = {
					924F777E26CF8A7900CED3FC = {
						CreatedOnToolsVersion = 12.5.1;
					};
				};
			};
			buildConfigurationList = 924F777A26CF8A7900CED3FC /* Build configuration list for PBXProject "ToDoApplication" */;
			compatibilityVersion = "Xcode 9.3";
			developmentRegion = en;
			hasScannedForEncodings = 0;
			knownRegions = (
				en,
				Base,
			);
			mainGroup = 924F777626CF8A7900CED3FC;
			productRefGroup = 924F778026CF8A7900CED3FC /* Products */;
			projectDirPath = "";
			projectRoot = "";
			targets = (
				924F777E26CF8A7900CED3FC /* ToDoApplication */,
			);
		};
/* End PBXProject section */

/* Begin PBXResourcesBuildPhase section */
		924F777D26CF8A7900CED3FC /* Resources */ = {
			isa = PBXResourcesBuildPhase;
			buildActionMask = 2147483647;
			files = (
				924F778F26CF8A7E00CED3FC /* LaunchScreen.storyboard in Resources */,
				924F778C26CF8A7E00CED3FC /* Assets.xcassets in Resources */,
			);
			runOnlyForDeploymentPostprocessing = 0;
		};
/* End PBXResourcesBuildPhase section */

/* Begin PBXShellScriptBuildPhase section */
		C1BE1E9990D37210894BB2ED /* [CP] Check Pods Manifest.lock */ = {
			isa = PBXShellScriptBuildPhase;
			buildActionMask = 2147483647;
			files = (
			);
			inputFileListPaths = (
			);
			inputPaths = (
				"${PODS_PODFILE_DIR_PATH}/Podfile.lock",
				"${PODS_ROOT}/Manifest.lock",
			);
			name = "[CP] Check Pods Manifest.lock";
			outputFileListPaths = (
			);
			outputPaths = (
				"$(DERIVED_FILE_DIR)/Pods-ToDoApplication-checkManifestLockResult.txt",
			);
			runOnlyForDeploymentPostprocessing = 0;
			shellPath = /bin/sh;
			shellScript = "diff \"${PODS_PODFILE_DIR_PATH}/Podfile.lock\" \"${PODS_ROOT}/Manifest.lock\" > /dev/null\nif [ $? != 0 ] ; then\n    # print error to STDERR\n    echo \"error: The sandbox is not in sync with the Podfile.lock. Run 'pod install' or update your CocoaPods installation.\" >&2\n    exit 1\nfi\n# This output is used by Xcode 'outputs' to avoid re-running this script phase.\necho \"SUCCESS\" > \"${SCRIPT_OUTPUT_FILE_0}\"\n";
			showEnvVarsInLog = 0;
		};
		DD435B5419672D9EEEEEF81B /* [CP] Embed Pods Frameworks */ = {
			isa = PBXShellScriptBuildPhase;
			buildActionMask = 2147483647;
			files = (
			);
			inputFileListPaths = (
				"${PODS_ROOT}/Target Support Files/Pods-ToDoApplication/Pods-ToDoApplication-frameworks-${CONFIGURATION}-input-files.xcfilelist",
			);
			name = "[CP] Embed Pods Frameworks";
			outputFileListPaths = (
				"${PODS_ROOT}/Target Support Files/Pods-ToDoApplication/Pods-ToDoApplication-frameworks-${CONFIGURATION}-output-files.xcfilelist",
			);
			runOnlyForDeploymentPostprocessing = 0;
			shellPath = /bin/sh;
			shellScript = "\"${PODS_ROOT}/Target Support Files/Pods-ToDoApplication/Pods-ToDoApplication-frameworks.sh\"\n";
			showEnvVarsInLog = 0;
		};
/* End PBXShellScriptBuildPhase section */

/* Begin PBXSourcesBuildPhase section */
		924F777B26CF8A7900CED3FC /* Sources */ = {
			isa = PBXSourcesBuildPhase;
			buildActionMask = 2147483647;
			files = (
				92E8EB8826DD648C00DA99D7 /* TaskDetailCoordinator.swift in Sources */,
				9221AE3B26D598770073F29C /* TaskDetailViewController.swift in Sources */,
				92CA50C126D2EE5B002DF631 /* TasksRepositoryProtocol.swift in Sources */,
				9221AE3D26D59A980073F29C /* Coordinator.swift in Sources */,
				92CA50BC26D2DDD0002DF631 /* ListTaskViewModel.swift in Sources */,
				92CA50B826D2DD43002DF631 /* TasksService.swift in Sources */,
				92CA50B426D2DB4F002DF631 /* Task.swift in Sources */,
				92E8EB8426DD636D00DA99D7 /* TaskDetailViewModel.swift in Sources */,
				92CA50B126D2DAC3002DF631 /* TasksListViewModel.swift in Sources */,
				92CA50BF26D2EE40002DF631 /* FakeTasksRepository.swift in Sources */,
				92CA50A826D1779E002DF631 /* AppCoordinator.swift in Sources */,
				924F778326CF8A7900CED3FC /* AppDelegate.swift in Sources */,
				92CA50AC26D2D8E7002DF631 /* TasksListView.swift in Sources */,
				924F778526CF8A7900CED3FC /* SceneDelegate.swift in Sources */,
				92CA50BA26D2DD5E002DF631 /* TasksServiceProtocol.swift in Sources */,
				9221AE3826D57FAD0073F29C /* TaskCell.swift in Sources */,
				92CA50AE26D2D9BF002DF631 /* TasksListViewController.swift in Sources */,
			);
			runOnlyForDeploymentPostprocessing = 0;
		};
/* End PBXSourcesBuildPhase section */

/* Begin PBXVariantGroup section */
		924F778D26CF8A7E00CED3FC /* LaunchScreen.storyboard */ = {
			isa = PBXVariantGroup;
			children = (
				924F778E26CF8A7E00CED3FC /* Base */,
			);
			name = LaunchScreen.storyboard;
			sourceTree = "<group>";
		};
/* End PBXVariantGroup section */

/* Begin XCBuildConfiguration section */
		924F779126CF8A7E00CED3FC /* Debug */ = {
			isa = XCBuildConfiguration;
			buildSettings = {
				ALWAYS_SEARCH_USER_PATHS = NO;
				CLANG_ANALYZER_NONNULL = YES;
				CLANG_ANALYZER_NUMBER_OBJECT_CONVERSION = YES_AGGRESSIVE;
				CLANG_CXX_LANGUAGE_STANDARD = "gnu++14";
				CLANG_CXX_LIBRARY = "libc++";
				CLANG_ENABLE_MODULES = YES;
				CLANG_ENABLE_OBJC_ARC = YES;
				CLANG_ENABLE_OBJC_WEAK = YES;
				CLANG_WARN_BLOCK_CAPTURE_AUTORELEASING = YES;
				CLANG_WARN_BOOL_CONVERSION = YES;
				CLANG_WARN_COMMA = YES;
				CLANG_WARN_CONSTANT_CONVERSION = YES;
				CLANG_WARN_DEPRECATED_OBJC_IMPLEMENTATIONS = YES;
				CLANG_WARN_DIRECT_OBJC_ISA_USAGE = YES_ERROR;
				CLANG_WARN_DOCUMENTATION_COMMENTS = YES;
				CLANG_WARN_EMPTY_BODY = YES;
				CLANG_WARN_ENUM_CONVERSION = YES;
				CLANG_WARN_INFINITE_RECURSION = YES;
				CLANG_WARN_INT_CONVERSION = YES;
				CLANG_WARN_NON_LITERAL_NULL_CONVERSION = YES;
				CLANG_WARN_OBJC_IMPLICIT_RETAIN_SELF = YES;
				CLANG_WARN_OBJC_LITERAL_CONVERSION = YES;
				CLANG_WARN_OBJC_ROOT_CLASS = YES_ERROR;
				CLANG_WARN_QUOTED_INCLUDE_IN_FRAMEWORK_HEADER = YES;
				CLANG_WARN_RANGE_LOOP_ANALYSIS = YES;
				CLANG_WARN_STRICT_PROTOTYPES = YES;
				CLANG_WARN_SUSPICIOUS_MOVE = YES;
				CLANG_WARN_UNGUARDED_AVAILABILITY = YES_AGGRESSIVE;
				CLANG_WARN_UNREACHABLE_CODE = YES;
				CLANG_WARN__DUPLICATE_METHOD_MATCH = YES;
				COPY_PHASE_STRIP = NO;
				DEBUG_INFORMATION_FORMAT = dwarf;
				ENABLE_STRICT_OBJC_MSGSEND = YES;
				ENABLE_TESTABILITY = YES;
				GCC_C_LANGUAGE_STANDARD = gnu11;
				GCC_DYNAMIC_NO_PIC = NO;
				GCC_NO_COMMON_BLOCKS = YES;
				GCC_OPTIMIZATION_LEVEL = 0;
				GCC_PREPROCESSOR_DEFINITIONS = (
					"DEBUG=1",
					"$(inherited)",
				);
				GCC_WARN_64_TO_32_BIT_CONVERSION = YES;
				GCC_WARN_ABOUT_RETURN_TYPE = YES_ERROR;
				GCC_WARN_UNDECLARED_SELECTOR = YES;
				GCC_WARN_UNINITIALIZED_AUTOS = YES_AGGRESSIVE;
				GCC_WARN_UNUSED_FUNCTION = YES;
				GCC_WARN_UNUSED_VARIABLE = YES;
				IPHONEOS_DEPLOYMENT_TARGET = 14.5;
				MTL_ENABLE_DEBUG_INFO = INCLUDE_SOURCE;
				MTL_FAST_MATH = YES;
				ONLY_ACTIVE_ARCH = YES;
				SDKROOT = iphoneos;
				SWIFT_ACTIVE_COMPILATION_CONDITIONS = DEBUG;
				SWIFT_OPTIMIZATION_LEVEL = "-Onone";
			};
			name = Debug;
		};
		924F779226CF8A7E00CED3FC /* Release */ = {
			isa = XCBuildConfiguration;
			buildSettings = {
				ALWAYS_SEARCH_USER_PATHS = NO;
				CLANG_ANALYZER_NONNULL = YES;
				CLANG_ANALYZER_NUMBER_OBJECT_CONVERSION = YES_AGGRESSIVE;
				CLANG_CXX_LANGUAGE_STANDARD = "gnu++14";
				CLANG_CXX_LIBRARY = "libc++";
				CLANG_ENABLE_MODULES = YES;
				CLANG_ENABLE_OBJC_ARC = YES;
				CLANG_ENABLE_OBJC_WEAK = YES;
				CLANG_WARN_BLOCK_CAPTURE_AUTORELEASING = YES;
				CLANG_WARN_BOOL_CONVERSION = YES;
				CLANG_WARN_COMMA = YES;
				CLANG_WARN_CONSTANT_CONVERSION = YES;
				CLANG_WARN_DEPRECATED_OBJC_IMPLEMENTATIONS = YES;
				CLANG_WARN_DIRECT_OBJC_ISA_USAGE = YES_ERROR;
				CLANG_WARN_DOCUMENTATION_COMMENTS = YES;
				CLANG_WARN_EMPTY_BODY = YES;
				CLANG_WARN_ENUM_CONVERSION = YES;
				CLANG_WARN_INFINITE_RECURSION = YES;
				CLANG_WARN_INT_CONVERSION = YES;
				CLANG_WARN_NON_LITERAL_NULL_CONVERSION = YES;
				CLANG_WARN_OBJC_IMPLICIT_RETAIN_SELF = YES;
				CLANG_WARN_OBJC_LITERAL_CONVERSION = YES;
				CLANG_WARN_OBJC_ROOT_CLASS = YES_ERROR;
				CLANG_WARN_QUOTED_INCLUDE_IN_FRAMEWORK_HEADER = YES;
				CLANG_WARN_RANGE_LOOP_ANALYSIS = YES;
				CLANG_WARN_STRICT_PROTOTYPES = YES;
				CLANG_WARN_SUSPICIOUS_MOVE = YES;
				CLANG_WARN_UNGUARDED_AVAILABILITY = YES_AGGRESSIVE;
				CLANG_WARN_UNREACHABLE_CODE = YES;
				CLANG_WARN__DUPLICATE_METHOD_MATCH = YES;
				COPY_PHASE_STRIP = NO;
				DEBUG_INFORMATION_FORMAT = "dwarf-with-dsym";
				ENABLE_NS_ASSERTIONS = NO;
				ENABLE_STRICT_OBJC_MSGSEND = YES;
				GCC_C_LANGUAGE_STANDARD = gnu11;
				GCC_NO_COMMON_BLOCKS = YES;
				GCC_WARN_64_TO_32_BIT_CONVERSION = YES;
				GCC_WARN_ABOUT_RETURN_TYPE = YES_ERROR;
				GCC_WARN_UNDECLARED_SELECTOR = YES;
				GCC_WARN_UNINITIALIZED_AUTOS = YES_AGGRESSIVE;
				GCC_WARN_UNUSED_FUNCTION = YES;
				GCC_WARN_UNUSED_VARIABLE = YES;
				IPHONEOS_DEPLOYMENT_TARGET = 14.5;
				MTL_ENABLE_DEBUG_INFO = NO;
				MTL_FAST_MATH = YES;
				SDKROOT = iphoneos;
				SWIFT_COMPILATION_MODE = wholemodule;
				SWIFT_OPTIMIZATION_LEVEL = "-O";
				VALIDATE_PRODUCT = YES;
			};
			name = Release;
		};
		924F779426CF8A7E00CED3FC /* Debug */ = {
			isa = XCBuildConfiguration;
			baseConfigurationReference = DC1C7DFB485D38F398277AF2 /* Pods-ToDoApplication.debug.xcconfig */;
			buildSettings = {
				ASSETCATALOG_COMPILER_APPICON_NAME = AppIcon;
				ASSETCATALOG_COMPILER_GLOBAL_ACCENT_COLOR_NAME = AccentColor;
				CODE_SIGN_STYLE = Automatic;
				DEVELOPMENT_TEAM = 28L6398Z89;
				INFOPLIST_FILE = ToDoApplication/Resources/Info.plist;
				LD_RUNPATH_SEARCH_PATHS = (
					"$(inherited)",
					"@executable_path/Frameworks",
				);
				PRODUCT_BUNDLE_IDENTIFIER = com.test.ToDoApplication;
				PRODUCT_NAME = "$(TARGET_NAME)";
				SWIFT_VERSION = 5.0;
				TARGETED_DEVICE_FAMILY = "1,2";
			};
			name = Debug;
		};
		924F779526CF8A7E00CED3FC /* Release */ = {
			isa = XCBuildConfiguration;
			baseConfigurationReference = 986A1F3DFE85C771F8F0C489 /* Pods-ToDoApplication.release.xcconfig */;
			buildSettings = {
				ASSETCATALOG_COMPILER_APPICON_NAME = AppIcon;
				ASSETCATALOG_COMPILER_GLOBAL_ACCENT_COLOR_NAME = AccentColor;
				CODE_SIGN_STYLE = Automatic;
				DEVELOPMENT_TEAM = 28L6398Z89;
				INFOPLIST_FILE = ToDoApplication/Resources/Info.plist;
				LD_RUNPATH_SEARCH_PATHS = (
					"$(inherited)",
					"@executable_path/Frameworks",
				);
				PRODUCT_BUNDLE_IDENTIFIER = com.test.ToDoApplication;
				PRODUCT_NAME = "$(TARGET_NAME)";
				SWIFT_VERSION = 5.0;
				TARGETED_DEVICE_FAMILY = "1,2";
			};
			name = Release;
		};
/* End XCBuildConfiguration section */

/* Begin XCConfigurationList section */
		924F777A26CF8A7900CED3FC /* Build configuration list for PBXProject "ToDoApplication" */ = {
			isa = XCConfigurationList;
			buildConfigurations = (
				924F779126CF8A7E00CED3FC /* Debug */,
				924F779226CF8A7E00CED3FC /* Release */,
			);
			defaultConfigurationIsVisible = 0;
			defaultConfigurationName = Release;
		};
		924F779326CF8A7E00CED3FC /* Build configuration list for PBXNativeTarget "ToDoApplication" */ = {
			isa = XCConfigurationList;
			buildConfigurations = (
				924F779426CF8A7E00CED3FC /* Debug */,
				924F779526CF8A7E00CED3FC /* Release */,
			);
			defaultConfigurationIsVisible = 0;
			defaultConfigurationName = Release;
		};
/* End XCConfigurationList section */
	};
	rootObject = 924F777726CF8A7900CED3FC /* Project object */;
}
